// !$*UTF8*$!
{
	archiveVersion = 1;
	classes = {
	};
	objectVersion = 51;
	objects = {

/* Begin PBXBuildFile section */
		7C14D55522B9118E001C7B2F /* AppDelegate.m in Sources */ = {isa = PBXBuildFile; fileRef = 7C14D55422B9118E001C7B2F /* AppDelegate.m */; };
		7C14D55822B9118E001C7B2F /* ViewController.m in Sources */ = {isa = PBXBuildFile; fileRef = 7C14D55722B9118E001C7B2F /* ViewController.m */; };
		7C14D55B22B9118E001C7B2F /* Main.storyboard in Resources */ = {isa = PBXBuildFile; fileRef = 7C14D55922B9118E001C7B2F /* Main.storyboard */; };
		7C14D55D22B9118F001C7B2F /* Assets.xcassets in Resources */ = {isa = PBXBuildFile; fileRef = 7C14D55C22B9118F001C7B2F /* Assets.xcassets */; };
		7C14D56022B9118F001C7B2F /* LaunchScreen.storyboard in Resources */ = {isa = PBXBuildFile; fileRef = 7C14D55E22B9118F001C7B2F /* LaunchScreen.storyboard */; };
		7C14D56322B9118F001C7B2F /* main.m in Sources */ = {isa = PBXBuildFile; fileRef = 7C14D56222B9118F001C7B2F /* main.m */; };
		7C14D56B22B91214001C7B2F /* PLBackgroundKeeper.m in Sources */ = {isa = PBXBuildFile; fileRef = 7C14D56A22B91214001C7B2F /* PLBackgroundKeeper.m */; };
		7C14D56F22B9157C001C7B2F /* PLLocationBackgroundKeeper.m in Sources */ = {isa = PBXBuildFile; fileRef = 7C14D56E22B9157C001C7B2F /* PLLocationBackgroundKeeper.m */; };
		7C14D57322B926D7001C7B2F /* Logger.m in Sources */ = {isa = PBXBuildFile; fileRef = 7C14D57222B926D7001C7B2F /* Logger.m */; };
		7C69050F22BA706A000BB9DE /* slience.mp3 in Resources */ = {isa = PBXBuildFile; fileRef = 7C69050E22BA706A000BB9DE /* slience.mp3 */; };
		7CFAA85E22BCFF960039563F /* PLBackgroundKeeperOptions.m in Sources */ = {isa = PBXBuildFile; fileRef = 7CFAA85D22BCFF960039563F /* PLBackgroundKeeperOptions.m */; };
		7CFB0A4F22BA3F3600740536 /* PLAudioBackgroundKeeper.m in Sources */ = {isa = PBXBuildFile; fileRef = 7CFB0A4E22BA3F3600740536 /* PLAudioBackgroundKeeper.m */; };
		8A5647909BB0E5A00E73285C /* Pods_PLBackgroundKeeper.framework in Frameworks */ = {isa = PBXBuildFile; fileRef = 47DAB7BD0772F85C1F347F1C /* Pods_PLBackgroundKeeper.framework */; };
/* End PBXBuildFile section */

/* Begin PBXFileReference section */
		47DAB7BD0772F85C1F347F1C /* Pods_PLBackgroundKeeper.framework */ = {isa = PBXFileReference; explicitFileType = wrapper.framework; includeInIndex = 0; path = Pods_PLBackgroundKeeper.framework; sourceTree = BUILT_PRODUCTS_DIR; };
		7C14D55022B9118E001C7B2F /* PLBackgroundKeeper.app */ = {isa = PBXFileReference; explicitFileType = wrapper.application; includeInIndex = 0; path = PLBackgroundKeeper.app; sourceTree = BUILT_PRODUCTS_DIR; };
		7C14D55322B9118E001C7B2F /* AppDelegate.h */ = {isa = PBXFileReference; lastKnownFileType = sourcecode.c.h; path = AppDelegate.h; sourceTree = "<group>"; };
		7C14D55422B9118E001C7B2F /* AppDelegate.m */ = {isa = PBXFileReference; lastKnownFileType = sourcecode.c.objc; path = AppDelegate.m; sourceTree = "<group>"; };
		7C14D55622B9118E001C7B2F /* ViewController.h */ = {isa = PBXFileReference; lastKnownFileType = sourcecode.c.h; path = ViewController.h; sourceTree = "<group>"; };
		7C14D55722B9118E001C7B2F /* ViewController.m */ = {isa = PBXFileReference; lastKnownFileType = sourcecode.c.objc; path = ViewController.m; sourceTree = "<group>"; };
		7C14D55A22B9118E001C7B2F /* Base */ = {isa = PBXFileReference; lastKnownFileType = file.storyboard; name = Base; path = Base.lproj/Main.storyboard; sourceTree = "<group>"; };
		7C14D55C22B9118F001C7B2F /* Assets.xcassets */ = {isa = PBXFileReference; lastKnownFileType = folder.assetcatalog; path = Assets.xcassets; sourceTree = "<group>"; };
		7C14D55F22B9118F001C7B2F /* Base */ = {isa = PBXFileReference; lastKnownFileType = file.storyboard; name = Base; path = Base.lproj/LaunchScreen.storyboard; sourceTree = "<group>"; };
		7C14D56122B9118F001C7B2F /* Info.plist */ = {isa = PBXFileReference; lastKnownFileType = text.plist.xml; path = Info.plist; sourceTree = "<group>"; };
		7C14D56222B9118F001C7B2F /* main.m */ = {isa = PBXFileReference; lastKnownFileType = sourcecode.c.objc; path = main.m; sourceTree = "<group>"; };
		7C14D56922B91214001C7B2F /* PLBackgroundKeeper.h */ = {isa = PBXFileReference; lastKnownFileType = sourcecode.c.h; path = PLBackgroundKeeper.h; sourceTree = "<group>"; };
		7C14D56A22B91214001C7B2F /* PLBackgroundKeeper.m */ = {isa = PBXFileReference; lastKnownFileType = sourcecode.c.objc; path = PLBackgroundKeeper.m; sourceTree = "<group>"; };
		7C14D56D22B9157C001C7B2F /* PLLocationBackgroundKeeper.h */ = {isa = PBXFileReference; lastKnownFileType = sourcecode.c.h; path = PLLocationBackgroundKeeper.h; sourceTree = "<group>"; };
		7C14D56E22B9157C001C7B2F /* PLLocationBackgroundKeeper.m */ = {isa = PBXFileReference; lastKnownFileType = sourcecode.c.objc; path = PLLocationBackgroundKeeper.m; sourceTree = "<group>"; };
		7C14D57122B926D7001C7B2F /* Logger.h */ = {isa = PBXFileReference; lastKnownFileType = sourcecode.c.h; path = Logger.h; sourceTree = "<group>"; };
		7C14D57222B926D7001C7B2F /* Logger.m */ = {isa = PBXFileReference; lastKnownFileType = sourcecode.c.objc; path = Logger.m; sourceTree = "<group>"; };
		7C69050E22BA706A000BB9DE /* slience.mp3 */ = {isa = PBXFileReference; lastKnownFileType = audio.mp3; path = slience.mp3; sourceTree = "<group>"; };
		7CFAA85C22BCFF960039563F /* PLBackgroundKeeperOptions.h */ = {isa = PBXFileReference; lastKnownFileType = sourcecode.c.h; path = PLBackgroundKeeperOptions.h; sourceTree = "<group>"; };
		7CFAA85D22BCFF960039563F /* PLBackgroundKeeperOptions.m */ = {isa = PBXFileReference; lastKnownFileType = sourcecode.c.objc; path = PLBackgroundKeeperOptions.m; sourceTree = "<group>"; };
		7CFAA85F22BD06000039563F /* PLBGKeeper.h */ = {isa = PBXFileReference; lastKnownFileType = sourcecode.c.h; path = PLBGKeeper.h; sourceTree = "<group>"; };
		7CFB0A4D22BA3F3600740536 /* PLAudioBackgroundKeeper.h */ = {isa = PBXFileReference; lastKnownFileType = sourcecode.c.h; path = PLAudioBackgroundKeeper.h; sourceTree = "<group>"; };
		7CFB0A4E22BA3F3600740536 /* PLAudioBackgroundKeeper.m */ = {isa = PBXFileReference; lastKnownFileType = sourcecode.c.objc; path = PLAudioBackgroundKeeper.m; sourceTree = "<group>"; };
		9EDC67ABC59429E995323E34 /* Pods-PLBackgroundKeeper.debug.xcconfig */ = {isa = PBXFileReference; includeInIndex = 1; lastKnownFileType = text.xcconfig; name = "Pods-PLBackgroundKeeper.debug.xcconfig"; path = "Target Support Files/Pods-PLBackgroundKeeper/Pods-PLBackgroundKeeper.debug.xcconfig"; sourceTree = "<group>"; };
		F3245174EF52A15AAC66C155 /* Pods-PLBackgroundKeeper.release.xcconfig */ = {isa = PBXFileReference; includeInIndex = 1; lastKnownFileType = text.xcconfig; name = "Pods-PLBackgroundKeeper.release.xcconfig"; path = "Target Support Files/Pods-PLBackgroundKeeper/Pods-PLBackgroundKeeper.release.xcconfig"; sourceTree = "<group>"; };
/* End PBXFileReference section */

/* Begin PBXFrameworksBuildPhase section */
		7C14D54D22B9118E001C7B2F /* Frameworks */ = {
			isa = PBXFrameworksBuildPhase;
			buildActionMask = 2147483647;
			files = (
				8A5647909BB0E5A00E73285C /* Pods_PLBackgroundKeeper.framework in Frameworks */,
			);
			runOnlyForDeploymentPostprocessing = 0;
		};
/* End PBXFrameworksBuildPhase section */

/* Begin PBXGroup section */
		09DF320E3031DEE4ECC5CEFD /* Frameworks */ = {
			isa = PBXGroup;
			children = (
				47DAB7BD0772F85C1F347F1C /* Pods_PLBackgroundKeeper.framework */,
			);
			name = Frameworks;
			sourceTree = "<group>";
		};
		7C14D54722B9118E001C7B2F = {
			isa = PBXGroup;
			children = (
				7C14D56C22B91317001C7B2F /* PLBackgroundKeeper */,
				7C14D55222B9118E001C7B2F /* Example */,
				7C14D55122B9118E001C7B2F /* Products */,
				AA986E2EC96B0331615BA6EA /* Pods */,
				09DF320E3031DEE4ECC5CEFD /* Frameworks */,
			);
			sourceTree = "<group>";
		};
		7C14D55122B9118E001C7B2F /* Products */ = {
			isa = PBXGroup;
			children = (
				7C14D55022B9118E001C7B2F /* PLBackgroundKeeper.app */,
			);
			name = Products;
			sourceTree = "<group>";
		};
		7C14D55222B9118E001C7B2F /* Example */ = {
			isa = PBXGroup;
			children = (
				7C14D57022B91B18001C7B2F /* Logger */,
				7C14D55322B9118E001C7B2F /* AppDelegate.h */,
				7C14D55422B9118E001C7B2F /* AppDelegate.m */,
				7C14D55622B9118E001C7B2F /* ViewController.h */,
				7C14D55722B9118E001C7B2F /* ViewController.m */,
				7C14D55922B9118E001C7B2F /* Main.storyboard */,
				7C14D55C22B9118F001C7B2F /* Assets.xcassets */,
				7C14D55E22B9118F001C7B2F /* LaunchScreen.storyboard */,
				7C14D56122B9118F001C7B2F /* Info.plist */,
				7C14D56222B9118F001C7B2F /* main.m */,
			);
			path = Example;
			sourceTree = "<group>";
		};
		7C14D56C22B91317001C7B2F /* PLBackgroundKeeper */ = {
			isa = PBXGroup;
			children = (
				7CFAA85F22BD06000039563F /* PLBGKeeper.h */,
				7C14D56922B91214001C7B2F /* PLBackgroundKeeper.h */,
				7C14D56A22B91214001C7B2F /* PLBackgroundKeeper.m */,
				7CFAA85C22BCFF960039563F /* PLBackgroundKeeperOptions.h */,
				7CFAA85D22BCFF960039563F /* PLBackgroundKeeperOptions.m */,
				7C14D56D22B9157C001C7B2F /* PLLocationBackgroundKeeper.h */,
				7C14D56E22B9157C001C7B2F /* PLLocationBackgroundKeeper.m */,
				7CFB0A4D22BA3F3600740536 /* PLAudioBackgroundKeeper.h */,
				7CFB0A4E22BA3F3600740536 /* PLAudioBackgroundKeeper.m */,
				7C69051022BA706F000BB9DE /* Resource */,
			);
			path = PLBackgroundKeeper;
			sourceTree = "<group>";
		};
		7C14D57022B91B18001C7B2F /* Logger */ = {
			isa = PBXGroup;
			children = (
				7C14D57122B926D7001C7B2F /* Logger.h */,
				7C14D57222B926D7001C7B2F /* Logger.m */,
			);
			path = Logger;
			sourceTree = "<group>";
		};
		7C69051022BA706F000BB9DE /* Resource */ = {
			isa = PBXGroup;
			children = (
				7C69050E22BA706A000BB9DE /* slience.mp3 */,
			);
			path = Resource;
			sourceTree = "<group>";
		};
		AA986E2EC96B0331615BA6EA /* Pods */ = {
			isa = PBXGroup;
			children = (
				9EDC67ABC59429E995323E34 /* Pods-PLBackgroundKeeper.debug.xcconfig */,
				F3245174EF52A15AAC66C155 /* Pods-PLBackgroundKeeper.release.xcconfig */,
			);
			path = Pods;
			sourceTree = "<group>";
		};
/* End PBXGroup section */

/* Begin PBXNativeTarget section */
		7C14D54F22B9118E001C7B2F /* PLBackgroundKeeper */ = {
			isa = PBXNativeTarget;
			buildConfigurationList = 7C14D56622B9118F001C7B2F /* Build configuration list for PBXNativeTarget "PLBackgroundKeeper" */;
			buildPhases = (
				598996400D7EAD52C6F493FF /* [CP] Check Pods Manifest.lock */,
				7C14D54C22B9118E001C7B2F /* Sources */,
				7C14D54D22B9118E001C7B2F /* Frameworks */,
				7C14D54E22B9118E001C7B2F /* Resources */,
				26DE88F52074DFBEB327EF02 /* [CP] Embed Pods Frameworks */,
			);
			buildRules = (
			);
			dependencies = (
			);
			name = PLBackgroundKeeper;
			productName = PLBackgroundKeeper;
			productReference = 7C14D55022B9118E001C7B2F /* PLBackgroundKeeper.app */;
			productType = "com.apple.product-type.application";
		};
/* End PBXNativeTarget section */

/* Begin PBXProject section */
		7C14D54822B9118E001C7B2F /* Project object */ = {
			isa = PBXProject;
			attributes = {
				LastUpgradeCheck = 1020;
				ORGANIZATIONNAME = org.emagrorrim;
				TargetAttributes = {
					7C14D54F22B9118E001C7B2F = {
						CreatedOnToolsVersion = 10.2.1;
						SystemCapabilities = {
							com.apple.BackgroundModes = {
								enabled = 1;
							};
						};
					};
				};
			};
			buildConfigurationList = 7C14D54B22B9118E001C7B2F /* Build configuration list for PBXProject "PLBackgroundKeeper" */;
			compatibilityVersion = "Xcode 9.3";
			developmentRegion = en;
			hasScannedForEncodings = 0;
			knownRegions = (
				en,
				Base,
			);
			mainGroup = 7C14D54722B9118E001C7B2F;
			productRefGroup = 7C14D55122B9118E001C7B2F /* Products */;
			projectDirPath = "";
			projectRoot = "";
			targets = (
				7C14D54F22B9118E001C7B2F /* PLBackgroundKeeper */,
			);
		};
/* End PBXProject section */

/* Begin PBXResourcesBuildPhase section */
		7C14D54E22B9118E001C7B2F /* Resources */ = {
			isa = PBXResourcesBuildPhase;
			buildActionMask = 2147483647;
			files = (
				7C69050F22BA706A000BB9DE /* slience.mp3 in Resources */,
				7C14D56022B9118F001C7B2F /* LaunchScreen.storyboard in Resources */,
				7C14D55D22B9118F001C7B2F /* Assets.xcassets in Resources */,
				7C14D55B22B9118E001C7B2F /* Main.storyboard in Resources */,
			);
			runOnlyForDeploymentPostprocessing = 0;
		};
/* End PBXResourcesBuildPhase section */

/* Begin PBXShellScriptBuildPhase section */
		26DE88F52074DFBEB327EF02 /* [CP] Embed Pods Frameworks */ = {
			isa = PBXShellScriptBuildPhase;
			buildActionMask = 2147483647;
			files = (
			);
			inputFileListPaths = (
				"${PODS_ROOT}/Target Support Files/Pods-PLBackgroundKeeper/Pods-PLBackgroundKeeper-frameworks-${CONFIGURATION}-input-files.xcfilelist",
			);
			name = "[CP] Embed Pods Frameworks";
			outputFileListPaths = (
				"${PODS_ROOT}/Target Support Files/Pods-PLBackgroundKeeper/Pods-PLBackgroundKeeper-frameworks-${CONFIGURATION}-output-files.xcfilelist",
			);
			runOnlyForDeploymentPostprocessing = 0;
			shellPath = /bin/sh;
			shellScript = "\"${PODS_ROOT}/Target Support Files/Pods-PLBackgroundKeeper/Pods-PLBackgroundKeeper-frameworks.sh\"\n";
			showEnvVarsInLog = 0;
		};
		598996400D7EAD52C6F493FF /* [CP] Check Pods Manifest.lock */ = {
			isa = PBXShellScriptBuildPhase;
			buildActionMask = 2147483647;
			files = (
			);
			inputFileListPaths = (
			);
			inputPaths = (
				"${PODS_PODFILE_DIR_PATH}/Podfile.lock",
				"${PODS_ROOT}/Manifest.lock",
			);
			name = "[CP] Check Pods Manifest.lock";
			outputFileListPaths = (
			);
			outputPaths = (
				"$(DERIVED_FILE_DIR)/Pods-PLBackgroundKeeper-checkManifestLockResult.txt",
			);
			runOnlyForDeploymentPostprocessing = 0;
			shellPath = /bin/sh;
			shellScript = "diff \"${PODS_PODFILE_DIR_PATH}/Podfile.lock\" \"${PODS_ROOT}/Manifest.lock\" > /dev/null\nif [ $? != 0 ] ; then\n    # print error to STDERR\n    echo \"error: The sandbox is not in sync with the Podfile.lock. Run 'pod install' or update your CocoaPods installation.\" >&2\n    exit 1\nfi\n# This output is used by Xcode 'outputs' to avoid re-running this script phase.\necho \"SUCCESS\" > \"${SCRIPT_OUTPUT_FILE_0}\"\n";
			showEnvVarsInLog = 0;
		};
/* End PBXShellScriptBuildPhase section */

/* Begin PBXSourcesBuildPhase section */
		7C14D54C22B9118E001C7B2F /* Sources */ = {
			isa = PBXSourcesBuildPhase;
			buildActionMask = 2147483647;
			files = (
				7CFB0A4F22BA3F3600740536 /* PLAudioBackgroundKeeper.m in Sources */,
				7C14D55822B9118E001C7B2F /* ViewController.m in Sources */,
				7CFAA85E22BCFF960039563F /* PLBackgroundKeeperOptions.m in Sources */,
				7C14D56322B9118F001C7B2F /* main.m in Sources */,
				7C14D55522B9118E001C7B2F /* AppDelegate.m in Sources */,
				7C14D57322B926D7001C7B2F /* Logger.m in Sources */,
				7C14D56B22B91214001C7B2F /* PLBackgroundKeeper.m in Sources */,
				7C14D56F22B9157C001C7B2F /* PLLocationBackgroundKeeper.m in Sources */,
			);
			runOnlyForDeploymentPostprocessing = 0;
		};
/* End PBXSourcesBuildPhase section */

/* Begin PBXVariantGroup section */
		7C14D55922B9118E001C7B2F /* Main.storyboard */ = {
			isa = PBXVariantGroup;
			children = (
				7C14D55A22B9118E001C7B2F /* Base */,
			);
			name = Main.storyboard;
			sourceTree = "<group>";
		};
		7C14D55E22B9118F001C7B2F /* LaunchScreen.storyboard */ = {
			isa = PBXVariantGroup;
			children = (
				7C14D55F22B9118F001C7B2F /* Base */,
			);
			name = LaunchScreen.storyboard;
			sourceTree = "<group>";
		};
/* End PBXVariantGroup section */

/* Begin XCBuildConfiguration section */
		7C14D56422B9118F001C7B2F /* Debug */ = {
			isa = XCBuildConfiguration;
			buildSettings = {
				ALWAYS_SEARCH_USER_PATHS = NO;
				CLANG_ANALYZER_NONNULL = YES;
				CLANG_ANALYZER_NUMBER_OBJECT_CONVERSION = YES_AGGRESSIVE;
				CLANG_CXX_LANGUAGE_STANDARD = "gnu++14";
				CLANG_CXX_LIBRARY = "libc++";
				CLANG_ENABLE_MODULES = YES;
				CLANG_ENABLE_OBJC_ARC = YES;
				CLANG_ENABLE_OBJC_WEAK = YES;
				CLANG_WARN_BLOCK_CAPTURE_AUTORELEASING = YES;
				CLANG_WARN_BOOL_CONVERSION = YES;
				CLANG_WARN_COMMA = YES;
				CLANG_WARN_CONSTANT_CONVERSION = YES;
				CLANG_WARN_DEPRECATED_OBJC_IMPLEMENTATIONS = YES;
				CLANG_WARN_DIRECT_OBJC_ISA_USAGE = YES_ERROR;
				CLANG_WARN_DOCUMENTATION_COMMENTS = YES;
				CLANG_WARN_EMPTY_BODY = YES;
				CLANG_WARN_ENUM_CONVERSION = YES;
				CLANG_WARN_INFINITE_RECURSION = YES;
				CLANG_WARN_INT_CONVERSION = YES;
				CLANG_WARN_NON_LITERAL_NULL_CONVERSION = YES;
				CLANG_WARN_OBJC_IMPLICIT_RETAIN_SELF = YES;
				CLANG_WARN_OBJC_LITERAL_CONVERSION = YES;
				CLANG_WARN_OBJC_ROOT_CLASS = YES_ERROR;
				CLANG_WARN_RANGE_LOOP_ANALYSIS = YES;
				CLANG_WARN_STRICT_PROTOTYPES = YES;
				CLANG_WARN_SUSPICIOUS_MOVE = YES;
				CLANG_WARN_UNGUARDED_AVAILABILITY = YES_AGGRESSIVE;
				CLANG_WARN_UNREACHABLE_CODE = YES;
				CLANG_WARN__DUPLICATE_METHOD_MATCH = YES;
				CODE_SIGN_IDENTITY = "iPhone Developer";
				COPY_PHASE_STRIP = NO;
				DEBUG_INFORMATION_FORMAT = dwarf;
				ENABLE_STRICT_OBJC_MSGSEND = YES;
				ENABLE_TESTABILITY = YES;
				GCC_C_LANGUAGE_STANDARD = gnu11;
				GCC_DYNAMIC_NO_PIC = NO;
				GCC_NO_COMMON_BLOCKS = YES;
				GCC_OPTIMIZATION_LEVEL = 0;
				GCC_PREPROCESSOR_DEFINITIONS = (
					"DEBUG=1",
					"$(inherited)",
				);
				GCC_WARN_64_TO_32_BIT_CONVERSION = YES;
				GCC_WARN_ABOUT_RETURN_TYPE = YES_ERROR;
				GCC_WARN_UNDECLARED_SELECTOR = YES;
				GCC_WARN_UNINITIALIZED_AUTOS = YES_AGGRESSIVE;
				GCC_WARN_UNUSED_FUNCTION = YES;
				GCC_WARN_UNUSED_VARIABLE = YES;
				IPHONEOS_DEPLOYMENT_TARGET = 12.2;
				MTL_ENABLE_DEBUG_INFO = INCLUDE_SOURCE;
				MTL_FAST_MATH = YES;
				ONLY_ACTIVE_ARCH = YES;
				SDKROOT = iphoneos;
			};
			name = Debug;
		};
		7C14D56522B9118F001C7B2F /* Release */ = {
			isa = XCBuildConfiguration;
			buildSettings = {
				ALWAYS_SEARCH_USER_PATHS = NO;
				CLANG_ANALYZER_NONNULL = YES;
				CLANG_ANALYZER_NUMBER_OBJECT_CONVERSION = YES_AGGRESSIVE;
				CLANG_CXX_LANGUAGE_STANDARD = "gnu++14";
				CLANG_CXX_LIBRARY = "libc++";
				CLANG_ENABLE_MODULES = YES;
				CLANG_ENABLE_OBJC_ARC = YES;
				CLANG_ENABLE_OBJC_WEAK = YES;
				CLANG_WARN_BLOCK_CAPTURE_AUTORELEASING = YES;
				CLANG_WARN_BOOL_CONVERSION = YES;
				CLANG_WARN_COMMA = YES;
				CLANG_WARN_CONSTANT_CONVERSION = YES;
				CLANG_WARN_DEPRECATED_OBJC_IMPLEMENTATIONS = YES;
				CLANG_WARN_DIRECT_OBJC_ISA_USAGE = YES_ERROR;
				CLANG_WARN_DOCUMENTATION_COMMENTS = YES;
				CLANG_WARN_EMPTY_BODY = YES;
				CLANG_WARN_ENUM_CONVERSION = YES;
				CLANG_WARN_INFINITE_RECURSION = YES;
				CLANG_WARN_INT_CONVERSION = YES;
				CLANG_WARN_NON_LITERAL_NULL_CONVERSION = YES;
				CLANG_WARN_OBJC_IMPLICIT_RETAIN_SELF = YES;
				CLANG_WARN_OBJC_LITERAL_CONVERSION = YES;
				CLANG_WARN_OBJC_ROOT_CLASS = YES_ERROR;
				CLANG_WARN_RANGE_LOOP_ANALYSIS = YES;
				CLANG_WARN_STRICT_PROTOTYPES = YES;
				CLANG_WARN_SUSPICIOUS_MOVE = YES;
				CLANG_WARN_UNGUARDED_AVAILABILITY = YES_AGGRESSIVE;
				CLANG_WARN_UNREACHABLE_CODE = YES;
				CLANG_WARN__DUPLICATE_METHOD_MATCH = YES;
				CODE_SIGN_IDENTITY = "iPhone Developer";
				COPY_PHASE_STRIP = NO;
				DEBUG_INFORMATION_FORMAT = "dwarf-with-dsym";
				ENABLE_NS_ASSERTIONS = NO;
				ENABLE_STRICT_OBJC_MSGSEND = YES;
				GCC_C_LANGUAGE_STANDARD = gnu11;
				GCC_NO_COMMON_BLOCKS = YES;
				GCC_WARN_64_TO_32_BIT_CONVERSION = YES;
				GCC_WARN_ABOUT_RETURN_TYPE = YES_ERROR;
				GCC_WARN_UNDECLARED_SELECTOR = YES;
				GCC_WARN_UNINITIALIZED_AUTOS = YES_AGGRESSIVE;
				GCC_WARN_UNUSED_FUNCTION = YES;
				GCC_WARN_UNUSED_VARIABLE = YES;
				IPHONEOS_DEPLOYMENT_TARGET = 12.2;
				MTL_ENABLE_DEBUG_INFO = NO;
				MTL_FAST_MATH = YES;
				SDKROOT = iphoneos;
				VALIDATE_PRODUCT = YES;
			};
			name = Release;
		};
		7C14D56722B9118F001C7B2F /* Debug */ = {
			isa = XCBuildConfiguration;
			baseConfigurationReference = 9EDC67ABC59429E995323E34 /* Pods-PLBackgroundKeeper.debug.xcconfig */;
			buildSettings = {
				ASSETCATALOG_COMPILER_APPICON_NAME = AppIcon;
				CODE_SIGN_STYLE = Automatic;
				DEVELOPMENT_TEAM = JAX8P4BTK4;
				INFOPLIST_FILE = Example/Info.plist;
				IPHONEOS_DEPLOYMENT_TARGET = 10.0;
				LD_RUNPATH_SEARCH_PATHS = (
					"$(inherited)",
					"@executable_path/Frameworks",
				);
				PRODUCT_BUNDLE_IDENTIFIER = org.emagrorrim.PLBackgroundKeeper;
				PRODUCT_NAME = "$(TARGET_NAME)";
				TARGETED_DEVICE_FAMILY = "1,2";
			};
			name = Debug;
		};
		7C14D56822B9118F001C7B2F /* Release */ = {
			isa = XCBuildConfiguration;
			baseConfigurationReference = F3245174EF52A15AAC66C155 /* Pods-PLBackgroundKeeper.release.xcconfig */;
			buildSettings = {
				ASSETCATALOG_COMPILER_APPICON_NAME = AppIcon;
				CODE_SIGN_STYLE = Automatic;
				DEVELOPMENT_TEAM = JAX8P4BTK4;
				INFOPLIST_FILE = Example/Info.plist;
				IPHONEOS_DEPLOYMENT_TARGET = 10.0;
				LD_RUNPATH_SEARCH_PATHS = (
					"$(inherited)",
					"@executable_path/Frameworks",
				);
				PRODUCT_BUNDLE_IDENTIFIER = org.emagrorrim.PLBackgroundKeeper;
				PRODUCT_NAME = "$(TARGET_NAME)";
				TARGETED_DEVICE_FAMILY = "1,2";
			};
			name = Release;
		};
/* End XCBuildConfiguration section */

/* Begin XCConfigurationList section */
		7C14D54B22B9118E001C7B2F /* Build configuration list for PBXProject "PLBackgroundKeeper" */ = {
			isa = XCConfigurationList;
			buildConfigurations = (
				7C14D56422B9118F001C7B2F /* Debug */,
				7C14D56522B9118F001C7B2F /* Release */,
			);
			defaultConfigurationIsVisible = 0;
			defaultConfigurationName = Release;
		};
		7C14D56622B9118F001C7B2F /* Build configuration list for PBXNativeTarget "PLBackgroundKeeper" */ = {
			isa = XCConfigurationList;
			buildConfigurations = (
				7C14D56722B9118F001C7B2F /* Debug */,
				7C14D56822B9118F001C7B2F /* Release */,
			);
			defaultConfigurationIsVisible = 0;
			defaultConfigurationName = Release;
		};
/* End XCConfigurationList section */
	};
	rootObject = 7C14D54822B9118E001C7B2F /* Project object */;
}
